github.com/iFurySt/sandbox-local v0.1.0 h1:oThO91bqmUINC9w1DqcZUa0hGzecF8MP6ZYSq1IQ1Vk=
github.com/iFurySt/sandbox-local v0.1.0/go.mod h1:rD4HWLqZ9PUR7PbDkdCc6IMFzYE5giXip6sWLMimwMQ=
golang.org/x/sys v0.35.0 h1:vz1N37gP5bs89s7He8XuIYXpyY0+QlsKmzipCbUtyxI=
golang.org/x/sys v0.35.0/go.mod h1:BJP2sWEmIv4KK5OTEluFJCKSidICx8ciO85XgH3Ak8k=
